// !$*UTF8*$!
{
	archiveVersion = 1;
	classes = {
	};
	objectVersion = 50;
	objects = {

/* Begin PBXBuildFile section */
		1C4E548121207D3F00293DFC /* AppDelegate.swift in Sources */ = {isa = PBXBuildFile; fileRef = 1C4E548021207D3F00293DFC /* AppDelegate.swift */; };
		1C4E548321207D3F00293DFC /* ViewController.swift in Sources */ = {isa = PBXBuildFile; fileRef = 1C4E548221207D3F00293DFC /* ViewController.swift */; };
		1C4E548621207D3F00293DFC /* Main.storyboard in Resources */ = {isa = PBXBuildFile; fileRef = 1C4E548421207D3F00293DFC /* Main.storyboard */; };
		1C4E548821207D4200293DFC /* Assets.xcassets in Resources */ = {isa = PBXBuildFile; fileRef = 1C4E548721207D4200293DFC /* Assets.xcassets */; };
		1C4E548B21207D4200293DFC /* LaunchScreen.storyboard in Resources */ = {isa = PBXBuildFile; fileRef = 1C4E548921207D4200293DFC /* LaunchScreen.storyboard */; };
		1C4E549621207D4200293DFC /* Project1_LoginTests.swift in Sources */ = {isa = PBXBuildFile; fileRef = 1C4E549521207D4200293DFC /* Project1_LoginTests.swift */; };
		1C4E54A121207D4200293DFC /* Project1_LoginUITests.swift in Sources */ = {isa = PBXBuildFile; fileRef = 1C4E54A021207D4200293DFC /* Project1_LoginUITests.swift */; };
/* End PBXBuildFile section */

/* Begin PBXContainerItemProxy section */
		1C4E549221207D4200293DFC /* PBXContainerItemProxy */ = {
			isa = PBXContainerItemProxy;
			containerPortal = 1C4E547521207D3F00293DFC /* Project object */;
			proxyType = 1;
			remoteGlobalIDString = 1C4E547C21207D3F00293DFC;
			remoteInfo = "Project1-Login";
		};
		1C4E549D21207D4200293DFC /* PBXContainerItemProxy */ = {
			isa = PBXContainerItemProxy;
			containerPortal = 1C4E547521207D3F00293DFC /* Project object */;
			proxyType = 1;
			remoteGlobalIDString = 1C4E547C21207D3F00293DFC;
			remoteInfo = "Project1-Login";
		};
/* End PBXContainerItemProxy section */

/* Begin PBXFileReference section */
		1C4E547D21207D3F00293DFC /* Project1-Login.app */ = {isa = PBXFileReference; explicitFileType = wrapper.application; includeInIndex = 0; path = "Project1-Login.app"; sourceTree = BUILT_PRODUCTS_DIR; };
		1C4E548021207D3F00293DFC /* AppDelegate.swift */ = {isa = PBXFileReference; lastKnownFileType = sourcecode.swift; path = AppDelegate.swift; sourceTree = "<group>"; };
		1C4E548221207D3F00293DFC /* ViewController.swift */ = {isa = PBXFileReference; lastKnownFileType = sourcecode.swift; path = ViewController.swift; sourceTree = "<group>"; };
		1C4E548521207D3F00293DFC /* Base */ = {isa = PBXFileReference; lastKnownFileType = file.storyboard; name = Base; path = Base.lproj/Main.storyboard; sourceTree = "<group>"; };
		1C4E548721207D4200293DFC /* Assets.xcassets */ = {isa = PBXFileReference; lastKnownFileType = folder.assetcatalog; path = Assets.xcassets; sourceTree = "<group>"; };
		1C4E548A21207D4200293DFC /* Base */ = {isa = PBXFileReference; lastKnownFileType = file.storyboard; name = Base; path = Base.lproj/LaunchScreen.storyboard; sourceTree = "<group>"; };
		1C4E548C21207D4200293DFC /* Info.plist */ = {isa = PBXFileReference; lastKnownFileType = text.plist.xml; path = Info.plist; sourceTree = "<group>"; };
		1C4E549121207D4200293DFC /* Project1-LoginTests.xctest */ = {isa = PBXFileReference; explicitFileType = wrapper.cfbundle; includeInIndex = 0; path = "Project1-LoginTests.xctest"; sourceTree = BUILT_PRODUCTS_DIR; };
		1C4E549521207D4200293DFC /* Project1_LoginTests.swift */ = {isa = PBXFileReference; lastKnownFileType = sourcecode.swift; path = Project1_LoginTests.swift; sourceTree = "<group>"; };
		1C4E549721207D4200293DFC /* Info.plist */ = {isa = PBXFileReference; lastKnownFileType = text.plist.xml; path = Info.plist; sourceTree = "<group>"; };
		1C4E549C21207D4200293DFC /* Project1-LoginUITests.xctest */ = {isa = PBXFileReference; explicitFileType = wrapper.cfbundle; includeInIndex = 0; path = "Project1-LoginUITests.xctest"; sourceTree = BUILT_PRODUCTS_DIR; };
		1C4E54A021207D4200293DFC /* Project1_LoginUITests.swift */ = {isa = PBXFileReference; lastKnownFileType = sourcecode.swift; path = Project1_LoginUITests.swift; sourceTree = "<group>"; };
		1C4E54A221207D4200293DFC /* Info.plist */ = {isa = PBXFileReference; lastKnownFileType = text.plist.xml; path = Info.plist; sourceTree = "<group>"; };
/* End PBXFileReference section */

/* Begin PBXFrameworksBuildPhase section */
		1C4E547A21207D3F00293DFC /* Frameworks */ = {
			isa = PBXFrameworksBuildPhase;
			buildActionMask = 2147483647;
			files = (
			);
			runOnlyForDeploymentPostprocessing = 0;
		};
		1C4E548E21207D4200293DFC /* Frameworks */ = {
			isa = PBXFrameworksBuildPhase;
			buildActionMask = 2147483647;
			files = (
			);
			runOnlyForDeploymentPostprocessing = 0;
		};
		1C4E549921207D4200293DFC /* Frameworks */ = {
			isa = PBXFrameworksBuildPhase;
			buildActionMask = 2147483647;
			files = (
			);
			runOnlyForDeploymentPostprocessing = 0;
		};
/* End PBXFrameworksBuildPhase section */

/* Begin PBXGroup section */
		1C4E547421207D3F00293DFC = {
			isa = PBXGroup;
			children = (
				1C4E547F21207D3F00293DFC /* Project1-Login */,
				1C4E549421207D4200293DFC /* Project1-LoginTests */,
				1C4E549F21207D4200293DFC /* Project1-LoginUITests */,
				1C4E547E21207D3F00293DFC /* Products */,
			);
			sourceTree = "<group>";
		};
		1C4E547E21207D3F00293DFC /* Products */ = {
			isa = PBXGroup;
			children = (
				1C4E547D21207D3F00293DFC /* Project1-Login.app */,
				1C4E549121207D4200293DFC /* Project1-LoginTests.xctest */,
				1C4E549C21207D4200293DFC /* Project1-LoginUITests.xctest */,
			);
			name = Products;
			sourceTree = "<group>";
		};
		1C4E547F21207D3F00293DFC /* Project1-Login */ = {
			isa = PBXGroup;
			children = (
				1C4E548021207D3F00293DFC /* AppDelegate.swift */,
				1C4E548221207D3F00293DFC /* ViewController.swift */,
				1C4E548421207D3F00293DFC /* Main.storyboard */,
				1C4E548721207D4200293DFC /* Assets.xcassets */,
				1C4E548921207D4200293DFC /* LaunchScreen.storyboard */,
				1C4E548C21207D4200293DFC /* Info.plist */,
			);
			path = "Project1-Login";
			sourceTree = "<group>";
		};
		1C4E549421207D4200293DFC /* Project1-LoginTests */ = {
			isa = PBXGroup;
			children = (
				1C4E549521207D4200293DFC /* Project1_LoginTests.swift */,
				1C4E549721207D4200293DFC /* Info.plist */,
			);
			path = "Project1-LoginTests";
			sourceTree = "<group>";
		};
		1C4E549F21207D4200293DFC /* Project1-LoginUITests */ = {
			isa = PBXGroup;
			children = (
				1C4E54A021207D4200293DFC /* Project1_LoginUITests.swift */,
				1C4E54A221207D4200293DFC /* Info.plist */,
			);
			path = "Project1-LoginUITests";
			sourceTree = "<group>";
		};
/* End PBXGroup section */

/* Begin PBXNativeTarget section */
		1C4E547C21207D3F00293DFC /* Project1-Login */ = {
			isa = PBXNativeTarget;
			buildConfigurationList = 1C4E54A521207D4200293DFC /* Build configuration list for PBXNativeTarget "Project1-Login" */;
			buildPhases = (
				1C4E547921207D3F00293DFC /* Sources */,
				1C4E547A21207D3F00293DFC /* Frameworks */,
				1C4E547B21207D3F00293DFC /* Resources */,
			);
			buildRules = (
			);
			dependencies = (
			);
			name = "Project1-Login";
			productName = "Project1-Login";
			productReference = 1C4E547D21207D3F00293DFC /* Project1-Login.app */;
			productType = "com.apple.product-type.application";
		};
		1C4E549021207D4200293DFC /* Project1-LoginTests */ = {
			isa = PBXNativeTarget;
			buildConfigurationList = 1C4E54A821207D4200293DFC /* Build configuration list for PBXNativeTarget "Project1-LoginTests" */;
			buildPhases = (
				1C4E548D21207D4200293DFC /* Sources */,
				1C4E548E21207D4200293DFC /* Frameworks */,
				1C4E548F21207D4200293DFC /* Resources */,
			);
			buildRules = (
			);
			dependencies = (
				1C4E549321207D4200293DFC /* PBXTargetDependency */,
			);
			name = "Project1-LoginTests";
			productName = "Project1-LoginTests";
			productReference = 1C4E549121207D4200293DFC /* Project1-LoginTests.xctest */;
			productType = "com.apple.product-type.bundle.unit-test";
		};
		1C4E549B21207D4200293DFC /* Project1-LoginUITests */ = {
			isa = PBXNativeTarget;
			buildConfigurationList = 1C4E54AB21207D4200293DFC /* Build configuration list for PBXNativeTarget "Project1-LoginUITests" */;
			buildPhases = (
				1C4E549821207D4200293DFC /* Sources */,
				1C4E549921207D4200293DFC /* Frameworks */,
				1C4E549A21207D4200293DFC /* Resources */,
			);
			buildRules = (
			);
			dependencies = (
				1C4E549E21207D4200293DFC /* PBXTargetDependency */,
			);
			name = "Project1-LoginUITests";
			productName = "Project1-LoginUITests";
			productReference = 1C4E549C21207D4200293DFC /* Project1-LoginUITests.xctest */;
			productType = "com.apple.product-type.bundle.ui-testing";
		};
/* End PBXNativeTarget section */

/* Begin PBXProject section */
		1C4E547521207D3F00293DFC /* Project object */ = {
			isa = PBXProject;
			attributes = {
				LastSwiftUpdateCheck = 0940;
				LastUpgradeCheck = 0940;
				ORGANIZATIONNAME = "Babie Xcode";
				TargetAttributes = {
					1C4E547C21207D3F00293DFC = {
						CreatedOnToolsVersion = 9.4.1;
					};
					1C4E549021207D4200293DFC = {
						CreatedOnToolsVersion = 9.4.1;
						TestTargetID = 1C4E547C21207D3F00293DFC;
					};
					1C4E549B21207D4200293DFC = {
						CreatedOnToolsVersion = 9.4.1;
						TestTargetID = 1C4E547C21207D3F00293DFC;
					};
				};
			};
			buildConfigurationList = 1C4E547821207D3F00293DFC /* Build configuration list for PBXProject "Project1-Login" */;
			compatibilityVersion = "Xcode 9.3";
			developmentRegion = en;
			hasScannedForEncodings = 0;
			knownRegions = (
				en,
				Base,
			);
			mainGroup = 1C4E547421207D3F00293DFC;
			productRefGroup = 1C4E547E21207D3F00293DFC /* Products */;
			projectDirPath = "";
			projectRoot = "";
			targets = (
				1C4E547C21207D3F00293DFC /* Project1-Login */,
				1C4E549021207D4200293DFC /* Project1-LoginTests */,
				1C4E549B21207D4200293DFC /* Project1-LoginUITests */,
			);
		};
/* End PBXProject section */

/* Begin PBXResourcesBuildPhase section */
		1C4E547B21207D3F00293DFC /* Resources */ = {
			isa = PBXResourcesBuildPhase;
			buildActionMask = 2147483647;
			files = (
				1C4E548B21207D4200293DFC /* LaunchScreen.storyboard in Resources */,
				1C4E548821207D4200293DFC /* Assets.xcassets in Resources */,
				1C4E548621207D3F00293DFC /* Main.storyboard in Resources */,
			);
			runOnlyForDeploymentPostprocessing = 0;
		};
		1C4E548F21207D4200293DFC /* Resources */ = {
			isa = PBXResourcesBuildPhase;
			buildActionMask = 2147483647;
			files = (
			);
			runOnlyForDeploymentPostprocessing = 0;
		};
		1C4E549A21207D4200293DFC /* Resources */ = {
			isa = PBXResourcesBuildPhase;
			buildActionMask = 2147483647;
			files = (
			);
			runOnlyForDeploymentPostprocessing = 0;
		};
/* End PBXResourcesBuildPhase section */

/* Begin PBXSourcesBuildPhase section */
		1C4E547921207D3F00293DFC /* Sources */ = {
			isa = PBXSourcesBuildPhase;
			buildActionMask = 2147483647;
			files = (
				1C4E548321207D3F00293DFC /* ViewController.swift in Sources */,
				1C4E548121207D3F00293DFC /* AppDelegate.swift in Sources */,
			);
			runOnlyForDeploymentPostprocessing = 0;
		};
		1C4E548D21207D4200293DFC /* Sources */ = {
			isa = PBXSourcesBuildPhase;
			buildActionMask = 2147483647;
			files = (
				1C4E549621207D4200293DFC /* Project1_LoginTests.swift in Sources */,
			);
			runOnlyForDeploymentPostprocessing = 0;
		};
		1C4E549821207D4200293DFC /* Sources */ = {
			isa = PBXSourcesBuildPhase;
			buildActionMask = 2147483647;
			files = (
				1C4E54A121207D4200293DFC /* Project1_LoginUITests.swift in Sources */,
			);
			runOnlyForDeploymentPostprocessing = 0;
		};
/* End PBXSourcesBuildPhase section */

/* Begin PBXTargetDependency section */
		1C4E549321207D4200293DFC /* PBXTargetDependency */ = {
			isa = PBXTargetDependency;
			target = 1C4E547C21207D3F00293DFC /* Project1-Login */;
			targetProxy = 1C4E549221207D4200293DFC /* PBXContainerItemProxy */;
		};
		1C4E549E21207D4200293DFC /* PBXTargetDependency */ = {
			isa = PBXTargetDependency;
			target = 1C4E547C21207D3F00293DFC /* Project1-Login */;
			targetProxy = 1C4E549D21207D4200293DFC /* PBXContainerItemProxy */;
		};
/* End PBXTargetDependency section */

/* Begin PBXVariantGroup section */
		1C4E548421207D3F00293DFC /* Main.storyboard */ = {
			isa = PBXVariantGroup;
			children = (
				1C4E548521207D3F00293DFC /* Base */,
			);
			name = Main.storyboard;
			sourceTree = "<group>";
		};
		1C4E548921207D4200293DFC /* LaunchScreen.storyboard */ = {
			isa = PBXVariantGroup;
			children = (
				1C4E548A21207D4200293DFC /* Base */,
			);
			name = LaunchScreen.storyboard;
			sourceTree = "<group>";
		};
/* End PBXVariantGroup section */

/* Begin XCBuildConfiguration section */
		1C4E54A321207D4200293DFC /* Debug */ = {
			isa = XCBuildConfiguration;
			buildSettings = {
				ALWAYS_SEARCH_USER_PATHS = NO;
				CLANG_ANALYZER_NONNULL = YES;
				CLANG_ANALYZER_NUMBER_OBJECT_CONVERSION = YES_AGGRESSIVE;
				CLANG_CXX_LANGUAGE_STANDARD = "gnu++14";
				CLANG_CXX_LIBRARY = "libc++";
				CLANG_ENABLE_MODULES = YES;
				CLANG_ENABLE_OBJC_ARC = YES;
				CLANG_ENABLE_OBJC_WEAK = YES;
				CLANG_WARN_BLOCK_CAPTURE_AUTORELEASING = YES;
				CLANG_WARN_BOOL_CONVERSION = YES;
				CLANG_WARN_COMMA = YES;
				CLANG_WARN_CONSTANT_CONVERSION = YES;
				CLANG_WARN_DEPRECATED_OBJC_IMPLEMENTATIONS = YES;
				CLANG_WARN_DIRECT_OBJC_ISA_USAGE = YES_ERROR;
				CLANG_WARN_DOCUMENTATION_COMMENTS = YES;
				CLANG_WARN_EMPTY_BODY = YES;
				CLANG_WARN_ENUM_CONVERSION = YES;
				CLANG_WARN_INFINITE_RECURSION = YES;
				CLANG_WARN_INT_CONVERSION = YES;
				CLANG_WARN_NON_LITERAL_NULL_CONVERSION = YES;
				CLANG_WARN_OBJC_IMPLICIT_RETAIN_SELF = YES;
				CLANG_WARN_OBJC_LITERAL_CONVERSION = YES;
				CLANG_WARN_OBJC_ROOT_CLASS = YES_ERROR;
				CLANG_WARN_RANGE_LOOP_ANALYSIS = YES;
				CLANG_WARN_STRICT_PROTOTYPES = YES;
				CLANG_WARN_SUSPICIOUS_MOVE = YES;
				CLANG_WARN_UNGUARDED_AVAILABILITY = YES_AGGRESSIVE;
				CLANG_WARN_UNREACHABLE_CODE = YES;
				CLANG_WARN__DUPLICATE_METHOD_MATCH = YES;
				CODE_SIGN_IDENTITY = "iPhone Developer";
				COPY_PHASE_STRIP = NO;
				DEBUG_INFORMATION_FORMAT = dwarf;
				ENABLE_STRICT_OBJC_MSGSEND = YES;
				ENABLE_TESTABILITY = YES;
				GCC_C_LANGUAGE_STANDARD = gnu11;
				GCC_DYNAMIC_NO_PIC = NO;
				GCC_NO_COMMON_BLOCKS = YES;
				GCC_OPTIMIZATION_LEVEL = 0;
				GCC_PREPROCESSOR_DEFINITIONS = (
					"DEBUG=1",
					"$(inherited)",
				);
				GCC_WARN_64_TO_32_BIT_CONVERSION = YES;
				GCC_WARN_ABOUT_RETURN_TYPE = YES_ERROR;
				GCC_WARN_UNDECLARED_SELECTOR = YES;
				GCC_WARN_UNINITIALIZED_AUTOS = YES_AGGRESSIVE;
				GCC_WARN_UNUSED_FUNCTION = YES;
				GCC_WARN_UNUSED_VARIABLE = YES;
				IPHONEOS_DEPLOYMENT_TARGET = 11.4;
				MTL_ENABLE_DEBUG_INFO = YES;
				ONLY_ACTIVE_ARCH = YES;
				SDKROOT = iphoneos;
				SWIFT_ACTIVE_COMPILATION_CONDITIONS = DEBUG;
				SWIFT_OPTIMIZATION_LEVEL = "-Onone";
			};
			name = Debug;
		};
		1C4E54A421207D4200293DFC /* Release */ = {
			isa = XCBuildConfiguration;
			buildSettings = {
				ALWAYS_SEARCH_USER_PATHS = NO;
				CLANG_ANALYZER_NONNULL = YES;
				CLANG_ANALYZER_NUMBER_OBJECT_CONVERSION = YES_AGGRESSIVE;
				CLANG_CXX_LANGUAGE_STANDARD = "gnu++14";
				CLANG_CXX_LIBRARY = "libc++";
				CLANG_ENABLE_MODULES = YES;
				CLANG_ENABLE_OBJC_ARC = YES;
				CLANG_ENABLE_OBJC_WEAK = YES;
				CLANG_WARN_BLOCK_CAPTURE_AUTORELEASING = YES;
				CLANG_WARN_BOOL_CONVERSION = YES;
				CLANG_WARN_COMMA = YES;
				CLANG_WARN_CONSTANT_CONVERSION = YES;
				CLANG_WARN_DEPRECATED_OBJC_IMPLEMENTATIONS = YES;
				CLANG_WARN_DIRECT_OBJC_ISA_USAGE = YES_ERROR;
				CLANG_WARN_DOCUMENTATION_COMMENTS = YES;
				CLANG_WARN_EMPTY_BODY = YES;
				CLANG_WARN_ENUM_CONVERSION = YES;
				CLANG_WARN_INFINITE_RECURSION = YES;
				CLANG_WARN_INT_CONVERSION = YES;
				CLANG_WARN_NON_LITERAL_NULL_CONVERSION = YES;
				CLANG_WARN_OBJC_IMPLICIT_RETAIN_SELF = YES;
				CLANG_WARN_OBJC_LITERAL_CONVERSION = YES;
				CLANG_WARN_OBJC_ROOT_CLASS = YES_ERROR;
				CLANG_WARN_RANGE_LOOP_ANALYSIS = YES;
				CLANG_WARN_STRICT_PROTOTYPES = YES;
				CLANG_WARN_SUSPICIOUS_MOVE = YES;
				CLANG_WARN_UNGUARDED_AVAILABILITY = YES_AGGRESSIVE;
				CLANG_WARN_UNREACHABLE_CODE = YES;
				CLANG_WARN__DUPLICATE_METHOD_MATCH = YES;
				CODE_SIGN_IDENTITY = "iPhone Developer";
				COPY_PHASE_STRIP = NO;
				DEBUG_INFORMATION_FORMAT = "dwarf-with-dsym";
				ENABLE_NS_ASSERTIONS = NO;
				ENABLE_STRICT_OBJC_MSGSEND = YES;
				GCC_C_LANGUAGE_STANDARD = gnu11;
				GCC_NO_COMMON_BLOCKS = YES;
				GCC_WARN_64_TO_32_BIT_CONVERSION = YES;
				GCC_WARN_ABOUT_RETURN_TYPE = YES_ERROR;
				GCC_WARN_UNDECLARED_SELECTOR = YES;
				GCC_WARN_UNINITIALIZED_AUTOS = YES_AGGRESSIVE;
				GCC_WARN_UNUSED_FUNCTION = YES;
				GCC_WARN_UNUSED_VARIABLE = YES;
				IPHONEOS_DEPLOYMENT_TARGET = 11.4;
				MTL_ENABLE_DEBUG_INFO = NO;
				SDKROOT = iphoneos;
				SWIFT_COMPILATION_MODE = wholemodule;
				SWIFT_OPTIMIZATION_LEVEL = "-O";
				VALIDATE_PRODUCT = YES;
			};
			name = Release;
		};
		1C4E54A621207D4200293DFC /* Debug */ = {
			isa = XCBuildConfiguration;
			buildSettings = {
				ASSETCATALOG_COMPILER_APPICON_NAME = AppIcon;
				CODE_SIGN_STYLE = Automatic;
				INFOPLIST_FILE = "Project1-Login/Info.plist";
				LD_RUNPATH_SEARCH_PATHS = (
					"$(inherited)",
					"@executable_path/Frameworks",
				);
				PRODUCT_BUNDLE_IDENTIFIER = "com.BabieXcode.Project1-Login";
				PRODUCT_NAME = "$(TARGET_NAME)";
				SWIFT_VERSION = 4.0;
				TARGETED_DEVICE_FAMILY = "1,2";
			};
			name = Debug;
		};
		1C4E54A721207D4200293DFC /* Release */ = {
			isa = XCBuildConfiguration;
			buildSettings = {
				ASSETCATALOG_COMPILER_APPICON_NAME = AppIcon;
				CODE_SIGN_STYLE = Automatic;
				INFOPLIST_FILE = "Project1-Login/Info.plist";
				LD_RUNPATH_SEARCH_PATHS = (
					"$(inherited)",
					"@executable_path/Frameworks",
				);
				PRODUCT_BUNDLE_IDENTIFIER = "com.BabieXcode.Project1-Login";
				PRODUCT_NAME = "$(TARGET_NAME)";
				SWIFT_VERSION = 4.0;
				TARGETED_DEVICE_FAMILY = "1,2";
			};
			name = Release;
		};
		1C4E54A921207D4200293DFC /* Debug */ = {
			isa = XCBuildConfiguration;
			buildSettings = {
				ALWAYS_EMBED_SWIFT_STANDARD_LIBRARIES = YES;
				BUNDLE_LOADER = "$(TEST_HOST)";
				CODE_SIGN_STYLE = Automatic;
				INFOPLIST_FILE = "Project1-LoginTests/Info.plist";
				LD_RUNPATH_SEARCH_PATHS = (
					"$(inherited)",
					"@executable_path/Frameworks",
					"@loader_path/Frameworks",
				);
				PRODUCT_BUNDLE_IDENTIFIER = "com.BabieXcode.Project1-LoginTests";
				PRODUCT_NAME = "$(TARGET_NAME)";
				SWIFT_VERSION = 4.0;
				TARGETED_DEVICE_FAMILY = "1,2";
				TEST_HOST = "$(BUILT_PRODUCTS_DIR)/Project1-Login.app/Project1-Login";
			};
			name = Debug;
		};
		1C4E54AA21207D4200293DFC /* Release */ = {
			isa = XCBuildConfiguration;
			buildSettings = {
				ALWAYS_EMBED_SWIFT_STANDARD_LIBRARIES = YES;
				BUNDLE_LOADER = "$(TEST_HOST)";
				CODE_SIGN_STYLE = Automatic;
				INFOPLIST_FILE = "Project1-LoginTests/Info.plist";
				LD_RUNPATH_SEARCH_PATHS = (
					"$(inherited)",
					"@executable_path/Frameworks",
					"@loader_path/Frameworks",
				);
				PRODUCT_BUNDLE_IDENTIFIER = "com.BabieXcode.Project1-LoginTests";
				PRODUCT_NAME = "$(TARGET_NAME)";
				SWIFT_VERSION = 4.0;
				TARGETED_DEVICE_FAMILY = "1,2";
				TEST_HOST = "$(BUILT_PRODUCTS_DIR)/Project1-Login.app/Project1-Login";
			};
			name = Release;
		};
		1C4E54AC21207D4200293DFC /* Debug */ = {
			isa = XCBuildConfiguration;
			buildSettings = {
				ALWAYS_EMBED_SWIFT_STANDARD_LIBRARIES = YES;
				CODE_SIGN_STYLE = Automatic;
				INFOPLIST_FILE = "Project1-LoginUITests/Info.plist";
				LD_RUNPATH_SEARCH_PATHS = (
					"$(inherited)",
					"@executable_path/Frameworks",
					"@loader_path/Frameworks",
				);
				PRODUCT_BUNDLE_IDENTIFIER = "com.BabieXcode.Project1-LoginUITests";
				PRODUCT_NAME = "$(TARGET_NAME)";
				SWIFT_VERSION = 4.0;
				TARGETED_DEVICE_FAMILY = "1,2";
				TEST_TARGET_NAME = "Project1-Login";
			};
			name = Debug;
		};
		1C4E54AD21207D4200293DFC /* Release */ = {
			isa = XCBuildConfiguration;
			buildSettings = {
				ALWAYS_EMBED_SWIFT_STANDARD_LIBRARIES = YES;
				CODE_SIGN_STYLE = Automatic;
				INFOPLIST_FILE = "Project1-LoginUITests/Info.plist";
				LD_RUNPATH_SEARCH_PATHS = (
					"$(inherited)",
					"@executable_path/Frameworks",
					"@loader_path/Frameworks",
				);
				PRODUCT_BUNDLE_IDENTIFIER = "com.BabieXcode.Project1-LoginUITests";
				PRODUCT_NAME = "$(TARGET_NAME)";
				SWIFT_VERSION = 4.0;
				TARGETED_DEVICE_FAMILY = "1,2";
				TEST_TARGET_NAME = "Project1-Login";
			};
			name = Release;
		};
/* End XCBuildConfiguration section */

/* Begin XCConfigurationList section */
		1C4E547821207D3F00293DFC /* Build configuration list for PBXProject "Project1-Login" */ = {
			isa = XCConfigurationList;
			buildConfigurations = (
				1C4E54A321207D4200293DFC /* Debug */,
				1C4E54A421207D4200293DFC /* Release */,
			);
			defaultConfigurationIsVisible = 0;
			defaultConfigurationName = Release;
		};
		1C4E54A521207D4200293DFC /* Build configuration list for PBXNativeTarget "Project1-Login" */ = {
			isa = XCConfigurationList;
			buildConfigurations = (
				1C4E54A621207D4200293DFC /* Debug */,
				1C4E54A721207D4200293DFC /* Release */,
			);
			defaultConfigurationIsVisible = 0;
			defaultConfigurationName = Release;
		};
		1C4E54A821207D4200293DFC /* Build configuration list for PBXNativeTarget "Project1-LoginTests" */ = {
			isa = XCConfigurationList;
			buildConfigurations = (
				1C4E54A921207D4200293DFC /* Debug */,
				1C4E54AA21207D4200293DFC /* Release */,
			);
			defaultConfigurationIsVisible = 0;
			defaultConfigurationName = Release;
		};
		1C4E54AB21207D4200293DFC /* Build configuration list for PBXNativeTarget "Project1-LoginUITests" */ = {
			isa = XCConfigurationList;
			buildConfigurations = (
				1C4E54AC21207D4200293DFC /* Debug */,
				1C4E54AD21207D4200293DFC /* Release */,
			);
			defaultConfigurationIsVisible = 0;
			defaultConfigurationName = Release;
		};
/* End XCConfigurationList section */
	};
	rootObject = 1C4E547521207D3F00293DFC /* Project object */;
}
